
Microsoft Visual Studio Solution File, Format Version 12.00
# Visual Studio Version 16
VisualStudioVersion = 16.0.31313.79
MinimumVisualStudioVersion = 10.0.40219.1
Project("{9A19103F-16F7-4668-BE54-9A1E7A4F7556}") = "MLNET-Weather-API", "MLNET-Weather-API.csproj", "{13C36B08-CE49-43C7-81A0-BE8C9BB5C34C}"
EndProject
Global
	GlobalSection(SolutionConfigurationPlatforms) = preSolution
		Debug|Any CPU = Debug|Any CPU
		Release|Any CPU = Release|Any CPU
	EndGlobalSection
	GlobalSection(ProjectConfigurationPlatforms) = postSolution
		{13C36B08-CE49-43C7-81A0-BE8C9BB5C34C}.Debug|Any CPU.ActiveCfg = Debug|Any CPU
		{13C36B08-CE49-43C7-81A0-BE8C9BB5C34C}.Debug|Any CPU.Build.0 = Debug|Any CPU
		{13C36B08-CE49-43C7-81A0-BE8C9BB5C34C}.Release|Any CPU.ActiveCfg = Release|Any CPU
		{13C36B08-CE49-43C7-81A0-BE8C9BB5C34C}.Release|Any CPU.Build.0 = Release|Any CPU
	EndGlobalSection
	GlobalSection(SolutionProperties) = preSolution
		HideSolutionNode = FALSE
	EndGlobalSection
	GlobalSection(ExtensibilityGlobals) = postSolution
		SolutionGuid = {D5113094-0397-439B-BCC7-A96647AF4F2E}
	EndGlobalSection
EndGlobal
